
Microsoft Visual Studio Solution File, Format Version 12.00
# Visual Studio Version 17
VisualStudioVersion = 17.0.31521.260
MinimumVisualStudioVersion = 10.0.40219.1
Project("{FAE04EC0-301F-11D3-BF4B-00C04F79EFBC}") = "Windows11BetaForce", "Windows11BetaForce\Windows11BetaForce.csproj", "{C1BE9FC5-99AB-4E0F-9E67-B801BCF36452}"
EndProject
Global
	GlobalSection(SolutionConfigurationPlatforms) = preSolution
		Debug|Any CPU = Debug|Any CPU
		Release|Any CPU = Release|Any CPU
	EndGlobalSection
	GlobalSection(ProjectConfigurationPlatforms) = postSolution
		{C1BE9FC5-99AB-4E0F-9E67-B801BCF36452}.Debug|Any CPU.ActiveCfg = Debug|Any CPU
		{C1BE9FC5-99AB-4E0F-9E67-B801BCF36452}.Debug|Any CPU.Build.0 = Debug|Any CPU
		{C1BE9FC5-99AB-4E0F-9E67-B801BCF36452}.Release|Any CPU.ActiveCfg = Release|Any CPU
		{C1BE9FC5-99AB-4E0F-9E67-B801BCF36452}.Release|Any CPU.Build.0 = Release|Any CPU
	EndGlobalSection
	GlobalSection(SolutionProperties) = preSolution
		HideSolutionNode = FALSE
	EndGlobalSection
	GlobalSection(ExtensibilityGlobals) = postSolution
		SolutionGuid = {5266DDCC-9A1C-4697-9721-0DE1B567A517}
	EndGlobalSection
EndGlobal
